schema: '2.0'
stages:
  download_dataset:
    cmd: ( wget https://storage.googleapis.com/mledu-datasets/cats_and_dogs_filtered.zip
      -O cats_and_dogs_filtered.zip && unzip cats_and_dogs_filtered.zip -d ./data/raw
      && rm cats_and_dogs_filtered.zip ) &> logs/download_dataset.out
    outs:
    - path: ./data/raw
      md5: 174fe7fcb400140a007ac05c36b5bfd4.dir
      size: 68556316
      nfiles: 3001
    - path: logs/download_dataset.out
      md5: 22adf28a22be3a08b92bb9cc6fc44e9c
      size: 325768
  split_dataset:
    cmd: python scripts/split_dataset.py &> logs/split_dataset.out
    deps:
    - path: ./data/raw
      md5: 174fe7fcb400140a007ac05c36b5bfd4.dir
      size: 68556316
      nfiles: 3001
    - path: scripts/split_dataset.py
      md5: 89168a688a7d1c3b17f17e6d0bac4f01
      size: 1360
    params:
      params.yaml:
        data.dataset.val_test_split:
          val: 0.7
          test: 0.3
    outs:
    - path: ./data/dataset/dataset.csv
      md5: 81f2a20dfec1c8d7fe98efed8a6c5bb6
      size: 68097
    - path: ./data/dataset/test
      md5: 29aaa52dd33820bc43a13ffdd775e2fd.dir
      size: 6711947
      nfiles: 294
    - path: ./data/dataset/train
      md5: 0a1a83aa537b94b2b07eb1503701eca7.dir
      size: 45613376
      nfiles: 2000
    - path: ./data/dataset/val
      md5: b3ca96a52677ddfc568664f181f1c1bf.dir
      size: 16230853
      nfiles: 706
    - path: logs/split_dataset.out
      md5: 7d592b252af87a5f90fa0726c7906ff4
      size: 2567
  train:
    cmd: python scripts/train.py &> logs/train.out
    deps:
    - path: ./data/dataset/train
      md5: 0a1a83aa537b94b2b07eb1503701eca7.dir
      size: 45613376
      nfiles: 2000
    - path: ./data/dataset/val
      md5: b3ca96a52677ddfc568664f181f1c1bf.dir
      size: 16230853
      nfiles: 706
    - path: scripts/train.py
      md5: cb43505107166a1c5f2e6f6dd0ffd991
      size: 3165
    params:
      params.yaml:
        model:
          backbone: tensorflow.keras.applications.MobileNetV2
          preprocess_input: tensorflow.keras.applications.mobilenet_v2.preprocess_input
        train:
          batch_size: 32
          img_size:
          - 160
          - 160
          learning_rate: 0.0001
          seed: 44
          subdir: train
          epochs:
            frozen: 3
            unfrozen: 3
          fine_tune_at: 80
    outs:
    - path: ./data/train/best_weights.h5
      md5: a145ee1658dcb9d8832cd8524ae854b7
      size: 17671512
    - path: ./data/train/model
      md5: 6cf5a2c5bb4b3e4f97ee7515419a6a4a.dir
      size: 21332859
      nfiles: 4
    - path: ./data/train/tensorboard
      md5: 6cb6491bea7a32e720824e83053c3845.dir
      size: 1397386
      nfiles: 4
    - path: logs/train.out
      md5: 0a08afe1029a5bee26ddb842ec3e9607
      size: 68251
  evaluate:
    cmd: python scripts/evaluate.py &> logs/evaluate.out
    deps:
    - path: ./data/dataset/test
      md5: 29aaa52dd33820bc43a13ffdd775e2fd.dir
      size: 6711947
      nfiles: 294
    - path: ./data/train/model
      md5: 6cf5a2c5bb4b3e4f97ee7515419a6a4a.dir
      size: 21332859
      nfiles: 4
    - path: scripts/evaluate.py
      md5: 6e906b98af0ef9451137beb95f889e95
      size: 1341
    outs:
    - path: ./data/evaluation/metrics.json
      md5: d65fc91edfe220a926e78dd0c2409e00
      size: 54
    - path: ./data/evaluation/predictions.csv
      md5: 1213a2d84b7d5312b08e5b8483828922
      size: 44302
    - path: logs/evaluate.out
      md5: 4d2d7974e8593231d8999b51287c33d8
      size: 500
